// !$*UTF8*$!
{
	archiveVersion = 1;
	classes = {
	};
	objectVersion = 48;
	objects = {

/* Begin PBXBuildFile section */
		288E107B1FB9A8D700FFD1FA /* AppDelegate.swift in Sources */ = {isa = PBXBuildFile; fileRef = 288E107A1FB9A8D700FFD1FA /* AppDelegate.swift */; };
		288E107D1FB9A8D700FFD1FA /* ViewController.swift in Sources */ = {isa = PBXBuildFile; fileRef = 288E107C1FB9A8D700FFD1FA /* ViewController.swift */; };
		288E10801FB9A8D700FFD1FA /* Main.storyboard in Resources */ = {isa = PBXBuildFile; fileRef = 288E107E1FB9A8D700FFD1FA /* Main.storyboard */; };
		288E10821FB9A8D700FFD1FA /* Assets.xcassets in Resources */ = {isa = PBXBuildFile; fileRef = 288E10811FB9A8D700FFD1FA /* Assets.xcassets */; };
		288E10851FB9A8D700FFD1FA /* LaunchScreen.storyboard in Resources */ = {isa = PBXBuildFile; fileRef = 288E10831FB9A8D700FFD1FA /* LaunchScreen.storyboard */; };
		288E108D1FB9B4DB00FFD1FA /* Utils.swift in Sources */ = {isa = PBXBuildFile; fileRef = 288E108C1FB9B4DB00FFD1FA /* Utils.swift */; };
/* End PBXBuildFile section */

/* Begin PBXFileReference section */
		288E10771FB9A8D700FFD1FA /* DemoTouchID.app */ = {isa = PBXFileReference; explicitFileType = wrapper.application; includeInIndex = 0; path = DemoTouchID.app; sourceTree = BUILT_PRODUCTS_DIR; };
		288E107A1FB9A8D700FFD1FA /* AppDelegate.swift */ = {isa = PBXFileReference; lastKnownFileType = sourcecode.swift; path = AppDelegate.swift; sourceTree = "<group>"; };
		288E107C1FB9A8D700FFD1FA /* ViewController.swift */ = {isa = PBXFileReference; lastKnownFileType = sourcecode.swift; path = ViewController.swift; sourceTree = "<group>"; };
		288E107F1FB9A8D700FFD1FA /* Base */ = {isa = PBXFileReference; lastKnownFileType = file.storyboard; name = Base; path = Base.lproj/Main.storyboard; sourceTree = "<group>"; };
		288E10811FB9A8D700FFD1FA /* Assets.xcassets */ = {isa = PBXFileReference; lastKnownFileType = folder.assetcatalog; path = Assets.xcassets; sourceTree = "<group>"; };
		288E10841FB9A8D700FFD1FA /* Base */ = {isa = PBXFileReference; lastKnownFileType = file.storyboard; name = Base; path = Base.lproj/LaunchScreen.storyboard; sourceTree = "<group>"; };
		288E10861FB9A8D700FFD1FA /* Info.plist */ = {isa = PBXFileReference; lastKnownFileType = text.plist.xml; path = Info.plist; sourceTree = "<group>"; };
		288E108C1FB9B4DB00FFD1FA /* Utils.swift */ = {isa = PBXFileReference; fileEncoding = 4; lastKnownFileType = sourcecode.swift; path = Utils.swift; sourceTree = "<group>"; };
/* End PBXFileReference section */

/* Begin PBXFrameworksBuildPhase section */
		288E10741FB9A8D700FFD1FA /* Frameworks */ = {
			isa = PBXFrameworksBuildPhase;
			buildActionMask = 2147483647;
			files = (
			);
			runOnlyForDeploymentPostprocessing = 0;
		};
/* End PBXFrameworksBuildPhase section */

/* Begin PBXGroup section */
		288E106E1FB9A8D700FFD1FA = {
			isa = PBXGroup;
			children = (
				288E10791FB9A8D700FFD1FA /* DemoTouchID */,
				288E10781FB9A8D700FFD1FA /* Products */,
			);
			sourceTree = "<group>";
		};
		288E10781FB9A8D700FFD1FA /* Products */ = {
			isa = PBXGroup;
			children = (
				288E10771FB9A8D700FFD1FA /* DemoTouchID.app */,
			);
			name = Products;
			sourceTree = "<group>";
		};
		288E10791FB9A8D700FFD1FA /* DemoTouchID */ = {
			isa = PBXGroup;
			children = (
				288E108C1FB9B4DB00FFD1FA /* Utils.swift */,
				288E107A1FB9A8D700FFD1FA /* AppDelegate.swift */,
				288E107C1FB9A8D700FFD1FA /* ViewController.swift */,
				288E107E1FB9A8D700FFD1FA /* Main.storyboard */,
				288E10811FB9A8D700FFD1FA /* Assets.xcassets */,
				288E10831FB9A8D700FFD1FA /* LaunchScreen.storyboard */,
				288E10861FB9A8D700FFD1FA /* Info.plist */,
			);
			path = DemoTouchID;
			sourceTree = "<group>";
		};
/* End PBXGroup section */

/* Begin PBXNativeTarget section */
		288E10761FB9A8D700FFD1FA /* DemoTouchID */ = {
			isa = PBXNativeTarget;
			buildConfigurationList = 288E10891FB9A8D700FFD1FA /* Build configuration list for PBXNativeTarget "DemoTouchID" */;
			buildPhases = (
				288E10731FB9A8D700FFD1FA /* Sources */,
				288E10741FB9A8D700FFD1FA /* Frameworks */,
				288E10751FB9A8D700FFD1FA /* Resources */,
			);
			buildRules = (
			);
			dependencies = (
			);
			name = DemoTouchID;
			productName = DemoTouchID;
			productReference = 288E10771FB9A8D700FFD1FA /* DemoTouchID.app */;
			productType = "com.apple.product-type.application";
		};
/* End PBXNativeTarget section */

/* Begin PBXProject section */
		288E106F1FB9A8D700FFD1FA /* Project object */ = {
			isa = PBXProject;
			attributes = {
				LastSwiftUpdateCheck = 0910;
				LastUpgradeCheck = 0910;
				ORGANIZATIONNAME = "Dream World";
				TargetAttributes = {
					288E10761FB9A8D700FFD1FA = {
						CreatedOnToolsVersion = 9.1;
						ProvisioningStyle = Automatic;
					};
				};
			};
			buildConfigurationList = 288E10721FB9A8D700FFD1FA /* Build configuration list for PBXProject "DemoTouchID" */;
			compatibilityVersion = "Xcode 8.0";
			developmentRegion = en;
			hasScannedForEncodings = 0;
			knownRegions = (
				en,
				Base,
			);
			mainGroup = 288E106E1FB9A8D700FFD1FA;
			productRefGroup = 288E10781FB9A8D700FFD1FA /* Products */;
			projectDirPath = "";
			projectRoot = "";
			targets = (
				288E10761FB9A8D700FFD1FA /* DemoTouchID */,
			);
		};
/* End PBXProject section */

/* Begin PBXResourcesBuildPhase section */
		288E10751FB9A8D700FFD1FA /* Resources */ = {
			isa = PBXResourcesBuildPhase;
			buildActionMask = 2147483647;
			files = (
				288E10851FB9A8D700FFD1FA /* LaunchScreen.storyboard in Resources */,
				288E10821FB9A8D700FFD1FA /* Assets.xcassets in Resources */,
				288E10801FB9A8D700FFD1FA /* Main.storyboard in Resources */,
			);
			runOnlyForDeploymentPostprocessing = 0;
		};
/* End PBXResourcesBuildPhase section */

/* Begin PBXSourcesBuildPhase section */
		288E10731FB9A8D700FFD1FA /* Sources */ = {
			isa = PBXSourcesBuildPhase;
			buildActionMask = 2147483647;
			files = (
				288E107D1FB9A8D700FFD1FA /* ViewController.swift in Sources */,
				288E107B1FB9A8D700FFD1FA /* AppDelegate.swift in Sources */,
				288E108D1FB9B4DB00FFD1FA /* Utils.swift in Sources */,
			);
			runOnlyForDeploymentPostprocessing = 0;
		};
/* End PBXSourcesBuildPhase section */

/* Begin PBXVariantGroup section */
		288E107E1FB9A8D700FFD1FA /* Main.storyboard */ = {
			isa = PBXVariantGroup;
			children = (
				288E107F1FB9A8D700FFD1FA /* Base */,
			);
			name = Main.storyboard;
			sourceTree = "<group>";
		};
		288E10831FB9A8D700FFD1FA /* LaunchScreen.storyboard */ = {
			isa = PBXVariantGroup;
			children = (
				288E10841FB9A8D700FFD1FA /* Base */,
			);
			name = LaunchScreen.storyboard;
			sourceTree = "<group>";
		};
/* End PBXVariantGroup section */

/* Begin XCBuildConfiguration section */
		288E10871FB9A8D700FFD1FA /* Debug */ = {
			isa = XCBuildConfiguration;
			buildSettings = {
				ALWAYS_SEARCH_USER_PATHS = NO;
				CLANG_ANALYZER_NONNULL = YES;
				CLANG_ANALYZER_NUMBER_OBJECT_CONVERSION = YES_AGGRESSIVE;
				CLANG_CXX_LANGUAGE_STANDARD = "gnu++14";
				CLANG_CXX_LIBRARY = "libc++";
				CLANG_ENABLE_MODULES = YES;
				CLANG_ENABLE_OBJC_ARC = YES;
				CLANG_WARN_BLOCK_CAPTURE_AUTORELEASING = YES;
				CLANG_WARN_BOOL_CONVERSION = YES;
				CLANG_WARN_COMMA = YES;
				CLANG_WARN_CONSTANT_CONVERSION = YES;
				CLANG_WARN_DIRECT_OBJC_ISA_USAGE = YES_ERROR;
				CLANG_WARN_DOCUMENTATION_COMMENTS = YES;
				CLANG_WARN_EMPTY_BODY = YES;
				CLANG_WARN_ENUM_CONVERSION = YES;
				CLANG_WARN_INFINITE_RECURSION = YES;
				CLANG_WARN_INT_CONVERSION = YES;
				CLANG_WARN_NON_LITERAL_NULL_CONVERSION = YES;
				CLANG_WARN_OBJC_LITERAL_CONVERSION = YES;
				CLANG_WARN_OBJC_ROOT_CLASS = YES_ERROR;
				CLANG_WARN_RANGE_LOOP_ANALYSIS = YES;
				CLANG_WARN_STRICT_PROTOTYPES = YES;
				CLANG_WARN_SUSPICIOUS_MOVE = YES;
				CLANG_WARN_UNGUARDED_AVAILABILITY = YES_AGGRESSIVE;
				CLANG_WARN_UNREACHABLE_CODE = YES;
				CLANG_WARN__DUPLICATE_METHOD_MATCH = YES;
				CODE_SIGN_IDENTITY = "iPhone Developer";
				COPY_PHASE_STRIP = NO;
				DEBUG_INFORMATION_FORMAT = dwarf;
				ENABLE_STRICT_OBJC_MSGSEND = YES;
				ENABLE_TESTABILITY = YES;
				GCC_C_LANGUAGE_STANDARD = gnu11;
				GCC_DYNAMIC_NO_PIC = NO;
				GCC_NO_COMMON_BLOCKS = YES;
				GCC_OPTIMIZATION_LEVEL = 0;
				GCC_PREPROCESSOR_DEFINITIONS = (
					"DEBUG=1",
					"$(inherited)",
				);
				GCC_WARN_64_TO_32_BIT_CONVERSION = YES;
				GCC_WARN_ABOUT_RETURN_TYPE = YES_ERROR;
				GCC_WARN_UNDECLARED_SELECTOR = YES;
				GCC_WARN_UNINITIALIZED_AUTOS = YES_AGGRESSIVE;
				GCC_WARN_UNUSED_FUNCTION = YES;
				GCC_WARN_UNUSED_VARIABLE = YES;
				IPHONEOS_DEPLOYMENT_TARGET = 11.1;
				MTL_ENABLE_DEBUG_INFO = YES;
				ONLY_ACTIVE_ARCH = YES;
				SDKROOT = iphoneos;
				SWIFT_ACTIVE_COMPILATION_CONDITIONS = DEBUG;
				SWIFT_OPTIMIZATION_LEVEL = "-Onone";
			};
			name = Debug;
		};
		288E10881FB9A8D700FFD1FA /* Release */ = {
			isa = XCBuildConfiguration;
			buildSettings = {
				ALWAYS_SEARCH_USER_PATHS = NO;
				CLANG_ANALYZER_NONNULL = YES;
				CLANG_ANALYZER_NUMBER_OBJECT_CONVERSION = YES_AGGRESSIVE;
				CLANG_CXX_LANGUAGE_STANDARD = "gnu++14";
				CLANG_CXX_LIBRARY = "libc++";
				CLANG_ENABLE_MODULES = YES;
				CLANG_ENABLE_OBJC_ARC = YES;
				CLANG_WARN_BLOCK_CAPTURE_AUTORELEASING = YES;
				CLANG_WARN_BOOL_CONVERSION = YES;
				CLANG_WARN_COMMA = YES;
				CLANG_WARN_CONSTANT_CONVERSION = YES;
				CLANG_WARN_DIRECT_OBJC_ISA_USAGE = YES_ERROR;
				CLANG_WARN_DOCUMENTATION_COMMENTS = YES;
				CLANG_WARN_EMPTY_BODY = YES;
				CLANG_WARN_ENUM_CONVERSION = YES;
				CLANG_WARN_INFINITE_RECURSION = YES;
				CLANG_WARN_INT_CONVERSION = YES;
				CLANG_WARN_NON_LITERAL_NULL_CONVERSION = YES;
				CLANG_WARN_OBJC_LITERAL_CONVERSION = YES;
				CLANG_WARN_OBJC_ROOT_CLASS = YES_ERROR;
				CLANG_WARN_RANGE_LOOP_ANALYSIS = YES;
				CLANG_WARN_STRICT_PROTOTYPES = YES;
				CLANG_WARN_SUSPICIOUS_MOVE = YES;
				CLANG_WARN_UNGUARDED_AVAILABILITY = YES_AGGRESSIVE;
				CLANG_WARN_UNREACHABLE_CODE = YES;
				CLANG_WARN__DUPLICATE_METHOD_MATCH = YES;
				CODE_SIGN_IDENTITY = "iPhone Developer";
				COPY_PHASE_STRIP = NO;
				DEBUG_INFORMATION_FORMAT = "dwarf-with-dsym";
				ENABLE_NS_ASSERTIONS = NO;
				ENABLE_STRICT_OBJC_MSGSEND = YES;
				GCC_C_LANGUAGE_STANDARD = gnu11;
				GCC_NO_COMMON_BLOCKS = YES;
				GCC_WARN_64_TO_32_BIT_CONVERSION = YES;
				GCC_WARN_ABOUT_RETURN_TYPE = YES_ERROR;
				GCC_WARN_UNDECLARED_SELECTOR = YES;
				GCC_WARN_UNINITIALIZED_AUTOS = YES_AGGRESSIVE;
				GCC_WARN_UNUSED_FUNCTION = YES;
				GCC_WARN_UNUSED_VARIABLE = YES;
				IPHONEOS_DEPLOYMENT_TARGET = 11.1;
				MTL_ENABLE_DEBUG_INFO = NO;
				SDKROOT = iphoneos;
				SWIFT_OPTIMIZATION_LEVEL = "-Owholemodule";
				VALIDATE_PRODUCT = YES;
			};
			name = Release;
		};
		288E108A1FB9A8D700FFD1FA /* Debug */ = {
			isa = XCBuildConfiguration;
			buildSettings = {
				ASSETCATALOG_COMPILER_APPICON_NAME = AppIcon;
				CODE_SIGN_STYLE = Automatic;
				DEVELOPMENT_TEAM = MH53ZCULKE;
				INFOPLIST_FILE = DemoTouchID/Info.plist;
				IPHONEOS_DEPLOYMENT_TARGET = 10.0;
				LD_RUNPATH_SEARCH_PATHS = "$(inherited) @executable_path/Frameworks";
				PRODUCT_BUNDLE_IDENTIFIER = com.dreamTech.DemoTouchID;
				PRODUCT_NAME = "$(TARGET_NAME)";
				SWIFT_VERSION = 4.0;
				TARGETED_DEVICE_FAMILY = "1,2";
			};
			name = Debug;
		};
		288E108B1FB9A8D700FFD1FA /* Release */ = {
			isa = XCBuildConfiguration;
			buildSettings = {
				ASSETCATALOG_COMPILER_APPICON_NAME = AppIcon;
				CODE_SIGN_STYLE = Automatic;
				DEVELOPMENT_TEAM = MH53ZCULKE;
				INFOPLIST_FILE = DemoTouchID/Info.plist;
				IPHONEOS_DEPLOYMENT_TARGET = 10.0;
				LD_RUNPATH_SEARCH_PATHS = "$(inherited) @executable_path/Frameworks";
				PRODUCT_BUNDLE_IDENTIFIER = com.dreamTech.DemoTouchID;
				PRODUCT_NAME = "$(TARGET_NAME)";
				SWIFT_VERSION = 4.0;
				TARGETED_DEVICE_FAMILY = "1,2";
			};
			name = Release;
		};
/* End XCBuildConfiguration section */

/* Begin XCConfigurationList section */
		288E10721FB9A8D700FFD1FA /* Build configuration list for PBXProject "DemoTouchID" */ = {
			isa = XCConfigurationList;
			buildConfigurations = (
				288E10871FB9A8D700FFD1FA /* Debug */,
				288E10881FB9A8D700FFD1FA /* Release */,
			);
			defaultConfigurationIsVisible = 0;
			defaultConfigurationName = Release;
		};
		288E10891FB9A8D700FFD1FA /* Build configuration list for PBXNativeTarget "DemoTouchID" */ = {
			isa = XCConfigurationList;
			buildConfigurations = (
				288E108A1FB9A8D700FFD1FA /* Debug */,
				288E108B1FB9A8D700FFD1FA /* Release */,
			);
			defaultConfigurationIsVisible = 0;
			defaultConfigurationName = Release;
		};
/* End XCConfigurationList section */
	};
	rootObject = 288E106F1FB9A8D700FFD1FA /* Project object */;
}
